// !$*UTF8*$!
{
	archiveVersion = 1;
	classes = {
	};
	objectVersion = 77;
	objects = {

/* Begin PBXBuildFile section */
		CE000014000000000000014A /* ComposableArchitecture in Frameworks */ = {isa = PBXBuildFile; productRef = CE000012000000000000012A /* ComposableArchitecture */; };
		CE000015000000000000015A /* Sharing in Frameworks */ = {isa = PBXBuildFile; productRef = CE000013000000000000013A /* Sharing */; };
		CE00001B00000000000001BA /* RealmSwift in Frameworks */ = {isa = PBXBuildFile; productRef = CE00001A00000000000001AA /* RealmSwift */; };
		CE00001C00000000000001CA /* RealmSwift in Embed Frameworks */ = {isa = PBXBuildFile; productRef = CE00001A00000000000001AA /* RealmSwift */; settings = {ATTRIBUTES = (CodeSignOnCopy, RemoveHeadersOnCopy, ); }; };
		CE00001E00000000000001EA /* RealmSwift in Frameworks */ = {isa = PBXBuildFile; productRef = CE00001F00000000000001FA /* RealmSwift */; };
/* End PBXBuildFile section */

/* Begin PBXContainerItemProxy section */
		CE100009000000000000009A /* PBXContainerItemProxy */ = {
			isa = PBXContainerItemProxy;
			containerPortal = CE000001000000000000001A /* Project object */;
			proxyType = 1;
			remoteGlobalIDString = CE000005000000000000005A;
			remoteInfo = CryptoExampleTCA;
		};
/* End PBXContainerItemProxy section */

/* Begin PBXCopyFilesBuildPhase section */
		CE00001D00000000000001DA /* Embed Frameworks */ = {
			isa = PBXCopyFilesBuildPhase;
			buildActionMask = 2147483647;
			dstPath = "";
			dstSubfolderSpec = 10;
			files = (
				CE00001C00000000000001CA /* RealmSwift in Embed Frameworks */,
			);
			name = "Embed Frameworks";
			runOnlyForDeploymentPostprocessing = 0;
		};
/* End PBXCopyFilesBuildPhase section */

/* Begin PBXFileReference section */
		CE000004000000000000004A /* CryptoExampleTCA.app */ = {isa = PBXFileReference; explicitFileType = wrapper.application; includeInIndex = 0; path = CryptoExampleTCA.app; sourceTree = BUILT_PRODUCTS_DIR; };
		CE000016000000000000016A /* CoinGecko.xcconfig */ = {isa = PBXFileReference; lastKnownFileType = text.xcconfig; path = CoinGecko.xcconfig; sourceTree = SOURCE_ROOT; };
		CE000018000000000000018A /* Info.plist */ = {isa = PBXFileReference; lastKnownFileType = text.plist.xml; path = Info.plist; sourceTree = SOURCE_ROOT; };
		CE100001000000000000001A /* CryptoExampleTCATests.xctest */ = {isa = PBXFileReference; explicitFileType = wrapper.cfbundle; includeInIndex = 0; path = CryptoExampleTCATests.xctest; sourceTree = BUILT_PRODUCTS_DIR; };
/* End PBXFileReference section */

/* Begin PBXFileSystemSynchronizedRootGroup section */
		CE000009000000000000009A /* CryptoExampleTCA */ = {
			isa = PBXFileSystemSynchronizedRootGroup;
			path = CryptoExampleTCA;
			sourceTree = "<group>";
		};
		CE100005000000000000005A /* CryptoExampleTCATests */ = {
			isa = PBXFileSystemSynchronizedRootGroup;
			path = CryptoExampleTCATests;
			sourceTree = "<group>";
		};
/* End PBXFileSystemSynchronizedRootGroup section */

/* Begin PBXFrameworksBuildPhase section */
		CE000007000000000000007A /* Frameworks */ = {
			isa = PBXFrameworksBuildPhase;
			buildActionMask = 2147483647;
			files = (
				CE000014000000000000014A /* ComposableArchitecture in Frameworks */,
				CE000015000000000000015A /* Sharing in Frameworks */,
				CE00001B00000000000001BA /* RealmSwift in Frameworks */,
			);
			runOnlyForDeploymentPostprocessing = 0;
		};
		CE100004000000000000004A /* Frameworks */ = {
			isa = PBXFrameworksBuildPhase;
			buildActionMask = 2147483647;
			files = (
				CE00001E00000000000001EA /* RealmSwift in Frameworks */,
			);
			runOnlyForDeploymentPostprocessing = 0;
		};
/* End PBXFrameworksBuildPhase section */

/* Begin PBXGroup section */
		CE000002000000000000002A = {
			isa = PBXGroup;
			children = (
				CE000009000000000000009A /* CryptoExampleTCA */,
				CE000016000000000000016A /* CoinGecko.xcconfig */,
				CE000018000000000000018A /* Info.plist */,
				CE000003000000000000003A /* Products */,
				FA3657EB2F79C62700FAE5B8 /* Recovered References */,
			);
			sourceTree = "<group>";
		};
		CE000003000000000000003A /* Products */ = {
			isa = PBXGroup;
			children = (
				CE000004000000000000004A /* CryptoExampleTCA.app */,
				CE100001000000000000001A /* CryptoExampleTCATests.xctest */,
			);
			name = Products;
			sourceTree = "<group>";
		};
		FA3657EB2F79C62700FAE5B8 /* Recovered References */ = {
			isa = PBXGroup;
			children = (
				CE100005000000000000005A /* CryptoExampleTCATests */,
			);
			name = "Recovered References";
			sourceTree = "<group>";
		};
/* End PBXGroup section */

/* Begin PBXNativeTarget section */
		CE000005000000000000005A /* CryptoExampleTCA */ = {
			isa = PBXNativeTarget;
			buildConfigurationList = CE00000B000000000000000B /* Build configuration list for PBXNativeTarget "CryptoExampleTCA" */;
			buildPhases = (
				CE000006000000000000006A /* Sources */,
				CE000007000000000000007A /* Frameworks */,
				CE000008000000000000008A /* Resources */,
				CE00001D00000000000001DA /* Embed Frameworks */,
			);
			buildRules = (
			);
			dependencies = (
			);
			fileSystemSynchronizedGroups = (
				CE000009000000000000009A /* CryptoExampleTCA */,
			);
			name = CryptoExampleTCA;
			packageProductDependencies = (
				CE000012000000000000012A /* ComposableArchitecture */,
				CE000013000000000000013A /* Sharing */,
				CE00001A00000000000001AA /* RealmSwift */,
			);
			productName = CryptoExampleTCA;
			productReference = CE000004000000000000004A /* CryptoExampleTCA.app */;
			productType = "com.apple.product-type.application";
		};
		CE100002000000000000002A /* CryptoExampleTCATests */ = {
			isa = PBXNativeTarget;
			buildConfigurationList = CE100006000000000000006A /* Build configuration list for PBXNativeTarget "CryptoExampleTCATests" */;
			buildPhases = (
				CE100003000000000000003A /* Sources */,
				CE100004000000000000004A /* Frameworks */,
			);
			buildRules = (
			);
			dependencies = (
				CE100010000000000000010A /* PBXTargetDependency */,
			);
			fileSystemSynchronizedGroups = (
				CE100005000000000000005A /* CryptoExampleTCATests */,
			);
			name = CryptoExampleTCATests;
			packageProductDependencies = (
				CE00001F00000000000001FA /* RealmSwift */,
			);
			productName = CryptoExampleTCATests;
			productReference = CE100001000000000000001A /* CryptoExampleTCATests.xctest */;
			productType = "com.apple.product-type.bundle.unit-test";
		};
/* End PBXNativeTarget section */

/* Begin PBXProject section */
		CE000001000000000000001A /* Project object */ = {
			isa = PBXProject;
			attributes = {
				BuildIndependentTargetsInParallel = 1;
				LastSwiftUpdateCheck = 2640;
				LastUpgradeCheck = 2640;
				TargetAttributes = {
					CE000005000000000000005A = {
						CreatedOnToolsVersion = 26.4;
					};
					CE100002000000000000002A = {
						CreatedOnToolsVersion = 26.4;
						TestTargetID = CE000005000000000000005A;
					};
				};
			};
			buildConfigurationList = CE00000A000000000000000A /* Build configuration list for PBXProject "CryptoExampleTCA" */;
			developmentRegion = en;
			hasScannedForEncodings = 0;
			knownRegions = (
				en,
				Base,
			);
			mainGroup = CE000002000000000000002A;
			minimizedProjectReferenceProxies = 1;
			packageReferences = (
				CE000010000000000000010A /* XCRemoteSwiftPackageReference "swift-composable-architecture" */,
				CE000011000000000000011A /* XCRemoteSwiftPackageReference "swift-sharing" */,
				CE000019000000000000019A /* XCRemoteSwiftPackageReference "realm-swift" */,
			);
			preferredProjectObjectVersion = 77;
			productRefGroup = CE000003000000000000003A /* Products */;
			projectDirPath = "";
			projectRoot = "";
			targets = (
				CE000005000000000000005A /* CryptoExampleTCA */,
				CE100002000000000000002A /* CryptoExampleTCATests */,
			);
		};
/* End PBXProject section */

/* Begin PBXResourcesBuildPhase section */
		CE000008000000000000008A /* Resources */ = {
			isa = PBXResourcesBuildPhase;
			buildActionMask = 2147483647;
			files = (
			);
			runOnlyForDeploymentPostprocessing = 0;
		};
/* End PBXResourcesBuildPhase section */

/* Begin PBXSourcesBuildPhase section */
		CE000006000000000000006A /* Sources */ = {
			isa = PBXSourcesBuildPhase;
			buildActionMask = 2147483647;
			files = (
			);
			runOnlyForDeploymentPostprocessing = 0;
		};
		CE100003000000000000003A /* Sources */ = {
			isa = PBXSourcesBuildPhase;
			buildActionMask = 2147483647;
			files = (
			);
			runOnlyForDeploymentPostprocessing = 0;
		};
/* End PBXSourcesBuildPhase section */

/* Begin PBXTargetDependency section */
		CE100010000000000000010A /* PBXTargetDependency */ = {
			isa = PBXTargetDependency;
			target = CE000005000000000000005A /* CryptoExampleTCA */;
			targetProxy = CE100009000000000000009A /* PBXContainerItemProxy */;
		};
/* End PBXTargetDependency section */

/* Begin XCBuildConfiguration section */
		CE00000C000000000000000C /* Debug */ = {
			isa = XCBuildConfiguration;
			buildSettings = {
				ALWAYS_SEARCH_USER_PATHS = NO;
				ASSETCATALOG_COMPILER_GENERATE_SWIFT_ASSET_SYMBOL_EXTENSIONS = YES;
				CLANG_ANALYZER_NONNULL = YES;
				CLANG_ANALYZER_NUMBER_OBJECT_CONVERSION = YES_AGGRESSIVE;
				CLANG_CXX_LANGUAGE_STANDARD = "gnu++20";
				CLANG_ENABLE_MODULES = YES;
				CLANG_ENABLE_OBJC_ARC = YES;
				CLANG_ENABLE_OBJC_WEAK = YES;
				CLANG_WARN_BLOCK_CAPTURE_AUTORELEASING = YES;
				CLANG_WARN_BOOL_CONVERSION = YES;
				CLANG_WARN_COMMA = YES;
				CLANG_WARN_CONSTANT_CONVERSION = YES;
				CLANG_WARN_DEPRECATED_OBJC_IMPLEMENTATIONS = YES;
				CLANG_WARN_DIRECT_OBJC_ISA_USAGE = YES_ERROR;
				CLANG_WARN_DOCUMENTATION_COMMENTS = YES;
				CLANG_WARN_EMPTY_BODY = YES;
				CLANG_WARN_ENUM_CONVERSION = YES;
				CLANG_WARN_INFINITE_RECURSION = YES;
				CLANG_WARN_INT_CONVERSION = YES;
				CLANG_WARN_NON_LITERAL_NULL_CONVERSION = YES;
				CLANG_WARN_OBJC_IMPLICIT_RETAIN_SELF = YES;
				CLANG_WARN_OBJC_LITERAL_CONVERSION = YES;
				CLANG_WARN_OBJC_ROOT_CLASS = YES_ERROR;
				CLANG_WARN_QUOTED_INCLUDE_IN_FRAMEWORK_HEADER = YES;
				CLANG_WARN_RANGE_LOOP_ANALYSIS = YES;
				CLANG_WARN_STRICT_PROTOTYPES = YES;
				CLANG_WARN_SUSPICIOUS_MOVE = YES;
				CLANG_WARN_UNGUARDED_AVAILABILITY = YES_AGGRESSIVE;
				CLANG_WARN_UNREACHABLE_CODE = YES;
				CLANG_WARN__DUPLICATE_METHOD_MATCH = YES;
				COPY_PHASE_STRIP = NO;
				DEBUG_INFORMATION_FORMAT = dwarf;
				DEVELOPMENT_TEAM = 7PBLP8C45H;
				ENABLE_STRICT_OBJC_MSGSEND = YES;
				ENABLE_TESTABILITY = YES;
				ENABLE_USER_SCRIPT_SANDBOXING = YES;
				GCC_C_LANGUAGE_STANDARD = gnu17;
				GCC_DYNAMIC_NO_PIC = NO;
				GCC_NO_COMMON_BLOCKS = YES;
				GCC_OPTIMIZATION_LEVEL = 0;
				GCC_PREPROCESSOR_DEFINITIONS = (
					"DEBUG=1",
					"$(inherited)",
				);
				GCC_WARN_64_TO_32_BIT_CONVERSION = YES;
				GCC_WARN_ABOUT_RETURN_TYPE = YES_ERROR;
				GCC_WARN_UNDECLARED_SELECTOR = YES;
				GCC_WARN_UNINITIALIZED_AUTOS = YES_AGGRESSIVE;
				GCC_WARN_UNUSED_FUNCTION = YES;
				GCC_WARN_UNUSED_VARIABLE = YES;
				IPHONEOS_DEPLOYMENT_TARGET = 18.0;
				LOCALIZATION_PREFERS_STRING_CATALOGS = YES;
				MTL_ENABLE_DEBUG_INFO = INCLUDE_SOURCE;
				MTL_FAST_MATH = YES;
				ONLY_ACTIVE_ARCH = YES;
				SDKROOT = iphoneos;
				SWIFT_ACTIVE_COMPILATION_CONDITIONS = "DEBUG $(inherited)";
				SWIFT_OPTIMIZATION_LEVEL = "-Onone";
			};
			name = Debug;
		};
		CE00000D000000000000000D /* Release */ = {
			isa = XCBuildConfiguration;
			buildSettings = {
				ALWAYS_SEARCH_USER_PATHS = NO;
				ASSETCATALOG_COMPILER_GENERATE_SWIFT_ASSET_SYMBOL_EXTENSIONS = YES;
				CLANG_ANALYZER_NONNULL = YES;
				CLANG_ANALYZER_NUMBER_OBJECT_CONVERSION = YES_AGGRESSIVE;
				CLANG_CXX_LANGUAGE_STANDARD = "gnu++20";
				CLANG_ENABLE_MODULES = YES;
				CLANG_ENABLE_OBJC_ARC = YES;
				CLANG_ENABLE_OBJC_WEAK = YES;
				CLANG_WARN_BLOCK_CAPTURE_AUTORELEASING = YES;
				CLANG_WARN_BOOL_CONVERSION = YES;
				CLANG_WARN_COMMA = YES;
				CLANG_WARN_CONSTANT_CONVERSION = YES;
				CLANG_WARN_DEPRECATED_OBJC_IMPLEMENTATIONS = YES;
				CLANG_WARN_DIRECT_OBJC_ISA_USAGE = YES_ERROR;
				CLANG_WARN_DOCUMENTATION_COMMENTS = YES;
				CLANG_WARN_EMPTY_BODY = YES;
				CLANG_WARN_ENUM_CONVERSION = YES;
				CLANG_WARN_INFINITE_RECURSION = YES;
				CLANG_WARN_INT_CONVERSION = YES;
				CLANG_WARN_NON_LITERAL_NULL_CONVERSION = YES;
				CLANG_WARN_OBJC_IMPLICIT_RETAIN_SELF = YES;
				CLANG_WARN_OBJC_LITERAL_CONVERSION = YES;
				CLANG_WARN_OBJC_ROOT_CLASS = YES_ERROR;
				CLANG_WARN_QUOTED_INCLUDE_IN_FRAMEWORK_HEADER = YES;
				CLANG_WARN_RANGE_LOOP_ANALYSIS = YES;
				CLANG_WARN_STRICT_PROTOTYPES = YES;
				CLANG_WARN_SUSPICIOUS_MOVE = YES;
				CLANG_WARN_UNGUARDED_AVAILABILITY = YES_AGGRESSIVE;
				CLANG_WARN_UNREACHABLE_CODE = YES;
				CLANG_WARN__DUPLICATE_METHOD_MATCH = YES;
				COPY_PHASE_STRIP = NO;
				DEBUG_INFORMATION_FORMAT = "dwarf-with-dsym";
				DEVELOPMENT_TEAM = 7PBLP8C45H;
				ENABLE_NS_ASSERTIONS = NO;
				ENABLE_STRICT_OBJC_MSGSEND = YES;
				ENABLE_USER_SCRIPT_SANDBOXING = YES;
				GCC_C_LANGUAGE_STANDARD = gnu17;
				GCC_NO_COMMON_BLOCKS = YES;
				GCC_WARN_64_TO_32_BIT_CONVERSION = YES;
				GCC_WARN_ABOUT_RETURN_TYPE = YES_ERROR;
				GCC_WARN_UNDECLARED_SELECTOR = YES;
				GCC_WARN_UNINITIALIZED_AUTOS = YES_AGGRESSIVE;
				GCC_WARN_UNUSED_FUNCTION = YES;
				GCC_WARN_UNUSED_VARIABLE = YES;
				IPHONEOS_DEPLOYMENT_TARGET = 18.0;
				LOCALIZATION_PREFERS_STRING_CATALOGS = YES;
				MTL_ENABLE_DEBUG_INFO = NO;
				MTL_FAST_MATH = YES;
				SDKROOT = iphoneos;
				SWIFT_COMPILATION_MODE = wholemodule;
				VALIDATE_PRODUCT = YES;
			};
			name = Release;
		};
		CE00000E000000000000000E /* Debug */ = {
			isa = XCBuildConfiguration;
			baseConfigurationReference = CE000016000000000000016A /* CoinGecko.xcconfig */;
			buildSettings = {
				ASSETCATALOG_COMPILER_APPICON_NAME = AppIcon;
				ASSETCATALOG_COMPILER_GENERATE_SWIFT_ASSET_SYMBOL_EXTENSIONS = NO;
				ASSETCATALOG_COMPILER_GLOBAL_ACCENT_COLOR_NAME = AccentColor;
				CODE_SIGN_IDENTITY = "Apple Development";
				CODE_SIGN_STYLE = Automatic;
				CURRENT_PROJECT_VERSION = 1;
				DEVELOPMENT_ASSET_PATHS = "\"CryptoExampleTCA/Preview Content\"";
				DEVELOPMENT_TEAM = 7G262N8NMK;
				ENABLE_PREVIEWS = YES;
				GENERATE_INFOPLIST_FILE = NO;
				INFOPLIST_FILE = Info.plist;
				LD_RUNPATH_SEARCH_PATHS = (
					"$(inherited)",
					"@executable_path/Frameworks",
				);
				MARKETING_VERSION = 1.0;
				PRODUCT_BUNDLE_IDENTIFIER = com.learning.CryptoExampleTCA;
				PRODUCT_NAME = "$(TARGET_NAME)";
				PROVISIONING_PROFILE_SPECIFIER = "";
				SWIFT_EMIT_LOC_STRINGS = YES;
				SWIFT_STRICT_CONCURRENCY = complete;
				SWIFT_VERSION = 6.0;
				TARGETED_DEVICE_FAMILY = 1;
			};
			name = Debug;
		};
		CE00000F000000000000000F /* Release */ = {
			isa = XCBuildConfiguration;
			baseConfigurationReference = CE000016000000000000016A /* CoinGecko.xcconfig */;
			buildSettings = {
				ASSETCATALOG_COMPILER_APPICON_NAME = AppIcon;
				ASSETCATALOG_COMPILER_GENERATE_SWIFT_ASSET_SYMBOL_EXTENSIONS = NO;
				ASSETCATALOG_COMPILER_GLOBAL_ACCENT_COLOR_NAME = AccentColor;
				CODE_SIGN_STYLE = Automatic;
				CURRENT_PROJECT_VERSION = 1;
				DEVELOPMENT_ASSET_PATHS = "\"CryptoExampleTCA/Preview Content\"";
				DEVELOPMENT_TEAM = 7G262N8NMK;
				ENABLE_PREVIEWS = YES;
				GENERATE_INFOPLIST_FILE = NO;
				INFOPLIST_FILE = Info.plist;
				LD_RUNPATH_SEARCH_PATHS = (
					"$(inherited)",
					"@executable_path/Frameworks",
				);
				MARKETING_VERSION = 1.0;
				PRODUCT_BUNDLE_IDENTIFIER = com.learning.CryptoExampleTCA;
				PRODUCT_NAME = "$(TARGET_NAME)";
				SWIFT_EMIT_LOC_STRINGS = YES;
				SWIFT_STRICT_CONCURRENCY = complete;
				SWIFT_VERSION = 6.0;
				TARGETED_DEVICE_FAMILY = 1;
			};
			name = Release;
		};
		CE100007000000000000007A /* Debug */ = {
			isa = XCBuildConfiguration;
			buildSettings = {
				BUNDLE_LOADER = "$(TEST_HOST)";
				CODE_SIGN_STYLE = Automatic;
				CURRENT_PROJECT_VERSION = 1;
				DEVELOPMENT_TEAM = 7G262N8NMK;
				GENERATE_INFOPLIST_FILE = YES;
				IPHONEOS_DEPLOYMENT_TARGET = 18.0;
				MARKETING_VERSION = 1.0;
				PRODUCT_BUNDLE_IDENTIFIER = com.learning.CryptoExampleTCATests;
				PRODUCT_NAME = "$(TARGET_NAME)";
				SDKROOT = iphoneos;
				SWIFT_EMIT_LOC_STRINGS = NO;
				SWIFT_STRICT_CONCURRENCY = complete;
				SWIFT_VERSION = 6.0;
				TARGETED_DEVICE_FAMILY = 1;
				TEST_HOST = "$(BUILT_PRODUCTS_DIR)/CryptoExampleTCA.app/$(BUNDLE_EXECUTABLE_FOLDER_PATH)/CryptoExampleTCA";
			};
			name = Debug;
		};
		CE100008000000000000008A /* Release */ = {
			isa = XCBuildConfiguration;
			buildSettings = {
				BUNDLE_LOADER = "$(TEST_HOST)";
				CODE_SIGN_STYLE = Automatic;
				CURRENT_PROJECT_VERSION = 1;
				DEVELOPMENT_TEAM = 7G262N8NMK;
				GENERATE_INFOPLIST_FILE = YES;
				IPHONEOS_DEPLOYMENT_TARGET = 18.0;
				MARKETING_VERSION = 1.0;
				PRODUCT_BUNDLE_IDENTIFIER = com.learning.CryptoExampleTCATests;
				PRODUCT_NAME = "$(TARGET_NAME)";
				SDKROOT = iphoneos;
				SWIFT_EMIT_LOC_STRINGS = NO;
				SWIFT_STRICT_CONCURRENCY = complete;
				SWIFT_VERSION = 6.0;
				TARGETED_DEVICE_FAMILY = 1;
				TEST_HOST = "$(BUILT_PRODUCTS_DIR)/CryptoExampleTCA.app/$(BUNDLE_EXECUTABLE_FOLDER_PATH)/CryptoExampleTCA";
			};
			name = Release;
		};
/* End XCBuildConfiguration section */

/* Begin XCConfigurationList section */
		CE00000A000000000000000A /* Build configuration list for PBXProject "CryptoExampleTCA" */ = {
			isa = XCConfigurationList;
			buildConfigurations = (
				CE00000C000000000000000C /* Debug */,
				CE00000D000000000000000D /* Release */,
			);
			defaultConfigurationIsVisible = 0;
			defaultConfigurationName = Release;
		};
		CE00000B000000000000000B /* Build configuration list for PBXNativeTarget "CryptoExampleTCA" */ = {
			isa = XCConfigurationList;
			buildConfigurations = (
				CE00000E000000000000000E /* Debug */,
				CE00000F000000000000000F /* Release */,
			);
			defaultConfigurationIsVisible = 0;
			defaultConfigurationName = Release;
		};
		CE100006000000000000006A /* Build configuration list for PBXNativeTarget "CryptoExampleTCATests" */ = {
			isa = XCConfigurationList;
			buildConfigurations = (
				CE100007000000000000007A /* Debug */,
				CE100008000000000000008A /* Release */,
			);
			defaultConfigurationIsVisible = 0;
			defaultConfigurationName = Release;
		};
/* End XCConfigurationList section */

/* Begin XCRemoteSwiftPackageReference section */
		CE000010000000000000010A /* XCRemoteSwiftPackageReference "swift-composable-architecture" */ = {
			isa = XCRemoteSwiftPackageReference;
			repositoryURL = "https://github.com/pointfreeco/swift-composable-architecture";
			requirement = {
				kind = exactVersion;
				version = 1.25.2;
			};
		};
		CE000011000000000000011A /* XCRemoteSwiftPackageReference "swift-sharing" */ = {
			isa = XCRemoteSwiftPackageReference;
			repositoryURL = "https://github.com/pointfreeco/swift-sharing";
			requirement = {
				kind = exactVersion;
				version = 2.8.0;
			};
		};
		CE000019000000000000019A /* XCRemoteSwiftPackageReference "realm-swift" */ = {
			isa = XCRemoteSwiftPackageReference;
			repositoryURL = "https://github.com/realm/realm-swift";
			requirement = {
				kind = exactVersion;
				version = 20.0.4;
			};
		};
/* End XCRemoteSwiftPackageReference section */

/* Begin XCSwiftPackageProductDependency section */
		CE000012000000000000012A /* ComposableArchitecture */ = {
			isa = XCSwiftPackageProductDependency;
			package = CE000010000000000000010A /* XCRemoteSwiftPackageReference "swift-composable-architecture" */;
			productName = ComposableArchitecture;
		};
		CE000013000000000000013A /* Sharing */ = {
			isa = XCSwiftPackageProductDependency;
			package = CE000011000000000000011A /* XCRemoteSwiftPackageReference "swift-sharing" */;
			productName = Sharing;
		};
		CE00001A00000000000001AA /* RealmSwift */ = {
			isa = XCSwiftPackageProductDependency;
			package = CE000019000000000000019A /* XCRemoteSwiftPackageReference "realm-swift" */;
			productName = RealmSwift;
		};
		CE00001F00000000000001FA /* RealmSwift */ = {
			isa = XCSwiftPackageProductDependency;
			package = CE000019000000000000019A /* XCRemoteSwiftPackageReference "realm-swift" */;
			productName = RealmSwift;
		};
/* End XCSwiftPackageProductDependency section */
	};
	rootObject = CE000001000000000000001A /* Project object */;
}
